
Microsoft Visual Studio Solution File, Format Version 12.00
# Visual Studio 15
VisualStudioVersion = 15.0.27703.2047
MinimumVisualStudioVersion = 10.0.40219.1
Project("{FAE04EC0-301F-11D3-BF4B-00C04F79EFBC}") = "Rekognition", "Rekognition\Rekognition.csproj", "{831A22CF-8B58-48C8-91CD-4898C4B61193}"
EndProject
Global
	GlobalSection(SolutionConfigurationPlatforms) = preSolution
		Debug|Any CPU = Debug|Any CPU
		Release|Any CPU = Release|Any CPU
	EndGlobalSection
	GlobalSection(ProjectConfigurationPlatforms) = postSolution
		{831A22CF-8B58-48C8-91CD-4898C4B61193}.Debug|Any CPU.ActiveCfg = Debug|Any CPU
		{831A22CF-8B58-48C8-91CD-4898C4B61193}.Debug|Any CPU.Build.0 = Debug|Any CPU
		{831A22CF-8B58-48C8-91CD-4898C4B61193}.Release|Any CPU.ActiveCfg = Release|Any CPU
		{831A22CF-8B58-48C8-91CD-4898C4B61193}.Release|Any CPU.Build.0 = Release|Any CPU
	EndGlobalSection
	GlobalSection(SolutionProperties) = preSolution
		HideSolutionNode = FALSE
	EndGlobalSection
	GlobalSection(ExtensibilityGlobals) = postSolution
		SolutionGuid = {A7A342A3-95F5-4469-9A69-E47C9385C3C2}
	EndGlobalSection
EndGlobal
